Microsoft Visual Studio Solution File, Format Version 11.00
# Visual Studio 2008

Project("{6AA915F4-B757-FD3C-DDB8-7CA1EDEA7CE2}") = "306Project2", "Assembly-CSharp-firstpass.csproj", "{849FEFD9-57BF-EACD-364D-41ED0A459289}"
EndProject
Project("{6AA915F4-B757-FD3C-DDB8-7CA1EDEA7CE2}") = "306Project2", "Assembly-CSharp.csproj", "{06BC9428-E280-6903-5CD0-CD91A0478D24}"
EndProject
Project("{6AA915F4-B757-FD3C-DDB8-7CA1EDEA7CE2}") = "306Project2", "Assembly-CSharp-Editor.csproj", "{543F74C2-50E3-927D-025B-7DC17877BDAA}"
EndProject
Global
	GlobalSection(SolutionConfigurationPlatforms) = preSolution
		Debug|Any CPU = Debug|Any CPU
		Release|Any CPU = Release|Any CPU
	EndGlobalSection
	GlobalSection(ProjectConfigurationPlatforms) = postSolution
		{849FEFD9-57BF-EACD-364D-41ED0A459289}.Debug|Any CPU.ActiveCfg = Debug|Any CPU
		{849FEFD9-57BF-EACD-364D-41ED0A459289}.Debug|Any CPU.Build.0 = Debug|Any CPU
		{849FEFD9-57BF-EACD-364D-41ED0A459289}.Release|Any CPU.ActiveCfg = Release|Any CPU
		{849FEFD9-57BF-EACD-364D-41ED0A459289}.Release|Any CPU.Build.0 = Release|Any CPU
		{06BC9428-E280-6903-5CD0-CD91A0478D24}.Debug|Any CPU.ActiveCfg = Debug|Any CPU
		{06BC9428-E280-6903-5CD0-CD91A0478D24}.Debug|Any CPU.Build.0 = Debug|Any CPU
		{06BC9428-E280-6903-5CD0-CD91A0478D24}.Release|Any CPU.ActiveCfg = Release|Any CPU
		{06BC9428-E280-6903-5CD0-CD91A0478D24}.Release|Any CPU.Build.0 = Release|Any CPU
		{543F74C2-50E3-927D-025B-7DC17877BDAA}.Debug|Any CPU.ActiveCfg = Debug|Any CPU
		{543F74C2-50E3-927D-025B-7DC17877BDAA}.Debug|Any CPU.Build.0 = Debug|Any CPU
		{543F74C2-50E3-927D-025B-7DC17877BDAA}.Release|Any CPU.ActiveCfg = Release|Any CPU
		{543F74C2-50E3-927D-025B-7DC17877BDAA}.Release|Any CPU.Build.0 = Release|Any CPU
	EndGlobalSection
	GlobalSection(SolutionProperties) = preSolution
		HideSolutionNode = FALSE
	EndGlobalSection
	GlobalSection(MonoDevelopProperties) = preSolution
		StartupItem = Assembly-CSharp.csproj
	EndGlobalSection
EndGlobal
